
Microsoft Visual Studio Solution File, Format Version 12.00
Project("{FAE04EC0-301F-11D3-BF4B-00C04F79EFBC}") = "Review5", "Review5\Review5.csproj", "{39B0B8AA-47D8-4440-A329-C5F59A54DF2A}"
EndProject
Global
	GlobalSection(SolutionConfigurationPlatforms) = preSolution
		Debug|Any CPU = Debug|Any CPU
		Release|Any CPU = Release|Any CPU
	EndGlobalSection
	GlobalSection(ProjectConfigurationPlatforms) = postSolution
		{39B0B8AA-47D8-4440-A329-C5F59A54DF2A}.Debug|Any CPU.ActiveCfg = Debug|Any CPU
		{39B0B8AA-47D8-4440-A329-C5F59A54DF2A}.Debug|Any CPU.Build.0 = Debug|Any CPU
		{39B0B8AA-47D8-4440-A329-C5F59A54DF2A}.Release|Any CPU.ActiveCfg = Release|Any CPU
		{39B0B8AA-47D8-4440-A329-C5F59A54DF2A}.Release|Any CPU.Build.0 = Release|Any CPU
	EndGlobalSection
EndGlobal
